
Microsoft Visual Studio Solution File, Format Version 12.00
# Visual Studio Version 16
VisualStudioVersion = 16.0.31515.178
MinimumVisualStudioVersion = 10.0.40219.1
Project("{FAE04EC0-301F-11D3-BF4B-00C04F79EFBC}") = "Deckers.UserService.Api", "Deckers.UserService.Api\Deckers.UserService.Api.csproj", "{D0CB3FC4-CD8D-4228-9A81-4B0A21EC8105}"
	ProjectSection(ProjectDependencies) = postProject
		{89199CD7-3A81-4187-BB36-7F6C9FB4AE62} = {89199CD7-3A81-4187-BB36-7F6C9FB4AE62}
	EndProjectSection
EndProject
Project("{FAE04EC0-301F-11D3-BF4B-00C04F79EFBC}") = "Deckers.UserService.Application", "Deckers.UserService.Application\Deckers.UserService.Application.csproj", "{89199CD7-3A81-4187-BB36-7F6C9FB4AE62}"
EndProject
Global
	GlobalSection(SolutionConfigurationPlatforms) = preSolution
		Debug|Any CPU = Debug|Any CPU
		Release|Any CPU = Release|Any CPU
	EndGlobalSection
	GlobalSection(ProjectConfigurationPlatforms) = postSolution
		{D0CB3FC4-CD8D-4228-9A81-4B0A21EC8105}.Debug|Any CPU.ActiveCfg = Debug|Any CPU
		{D0CB3FC4-CD8D-4228-9A81-4B0A21EC8105}.Debug|Any CPU.Build.0 = Debug|Any CPU
		{D0CB3FC4-CD8D-4228-9A81-4B0A21EC8105}.Release|Any CPU.ActiveCfg = Release|Any CPU
		{D0CB3FC4-CD8D-4228-9A81-4B0A21EC8105}.Release|Any CPU.Build.0 = Release|Any CPU
		{89199CD7-3A81-4187-BB36-7F6C9FB4AE62}.Debug|Any CPU.ActiveCfg = Debug|Any CPU
		{89199CD7-3A81-4187-BB36-7F6C9FB4AE62}.Debug|Any CPU.Build.0 = Debug|Any CPU
		{89199CD7-3A81-4187-BB36-7F6C9FB4AE62}.Release|Any CPU.ActiveCfg = Release|Any CPU
		{89199CD7-3A81-4187-BB36-7F6C9FB4AE62}.Release|Any CPU.Build.0 = Release|Any CPU
	EndGlobalSection
	GlobalSection(SolutionProperties) = preSolution
		HideSolutionNode = FALSE
	EndGlobalSection
	GlobalSection(ExtensibilityGlobals) = postSolution
		SolutionGuid = {B5FF5AA0-C633-4719-813E-015606978FF7}
	EndGlobalSection
EndGlobal
